
Microsoft Visual Studio Solution File, Format Version 12.00
# Visual Studio Version 16
VisualStudioVersion = 16.0.30907.101
MinimumVisualStudioVersion = 10.0.40219.1
Project("{FAE04EC0-301F-11D3-BF4B-00C04F79EFBC}") = "MoonMiner", "MoonMiner.csproj", "{0A36510F-852B-48F1-A31E-DC06801B4EC1}"
EndProject
Project("{2150E333-8FDC-42A3-9474-1A3956D46DE8}") = "Solution Items", "Solution Items", "{84C013FA-9C6D-4CF4-8CA0-3C0B1C1F1316}"
EndProject
Project("{FAE04EC0-301F-11D3-BF4B-00C04F79EFBC}") = "SpaceTraderAssets", "SpaceTraderAssets\SpaceTraderAssets.csproj", "{256651B5-8531-49CA-985F-36796659E57D}"
EndProject
Global
	GlobalSection(SolutionConfigurationPlatforms) = preSolution
		Debug|Any CPU = Debug|Any CPU
		Release|Any CPU = Release|Any CPU
	EndGlobalSection
	GlobalSection(ProjectConfigurationPlatforms) = postSolution
		{0A36510F-852B-48F1-A31E-DC06801B4EC1}.Debug|Any CPU.ActiveCfg = Debug|Any CPU
		{0A36510F-852B-48F1-A31E-DC06801B4EC1}.Debug|Any CPU.Build.0 = Debug|Any CPU
		{0A36510F-852B-48F1-A31E-DC06801B4EC1}.Release|Any CPU.ActiveCfg = Release|Any CPU
		{0A36510F-852B-48F1-A31E-DC06801B4EC1}.Release|Any CPU.Build.0 = Release|Any CPU
		{256651B5-8531-49CA-985F-36796659E57D}.Debug|Any CPU.ActiveCfg = Debug|Any CPU
		{256651B5-8531-49CA-985F-36796659E57D}.Debug|Any CPU.Build.0 = Debug|Any CPU
		{256651B5-8531-49CA-985F-36796659E57D}.Release|Any CPU.ActiveCfg = Release|Any CPU
		{256651B5-8531-49CA-985F-36796659E57D}.Release|Any CPU.Build.0 = Release|Any CPU
	EndGlobalSection
	GlobalSection(SolutionProperties) = preSolution
		HideSolutionNode = FALSE
	EndGlobalSection
	GlobalSection(ExtensibilityGlobals) = postSolution
		SolutionGuid = {570369D5-12D2-4F6E-AB93-B41AA43546BD}
	EndGlobalSection
EndGlobal
