
Microsoft Visual Studio Solution File, Format Version 12.00
# Visual Studio Version 16
VisualStudioVersion = 16.0.30907.101
MinimumVisualStudioVersion = 10.0.40219.1
Project("{FAE04EC0-301F-11D3-BF4B-00C04F79EFBC}") = "EX6A ArrayManipulation", "EX6A ArrayManipulation.csproj", "{FBF82A03-0F43-4EF0-BA3B-341E22A802BE}"
EndProject
Global
	GlobalSection(SolutionConfigurationPlatforms) = preSolution
		Debug|Any CPU = Debug|Any CPU
		Release|Any CPU = Release|Any CPU
	EndGlobalSection
	GlobalSection(ProjectConfigurationPlatforms) = postSolution
		{FBF82A03-0F43-4EF0-BA3B-341E22A802BE}.Debug|Any CPU.ActiveCfg = Debug|Any CPU
		{FBF82A03-0F43-4EF0-BA3B-341E22A802BE}.Debug|Any CPU.Build.0 = Debug|Any CPU
		{FBF82A03-0F43-4EF0-BA3B-341E22A802BE}.Release|Any CPU.ActiveCfg = Release|Any CPU
		{FBF82A03-0F43-4EF0-BA3B-341E22A802BE}.Release|Any CPU.Build.0 = Release|Any CPU
	EndGlobalSection
	GlobalSection(SolutionProperties) = preSolution
		HideSolutionNode = FALSE
	EndGlobalSection
	GlobalSection(ExtensibilityGlobals) = postSolution
		SolutionGuid = {5131FAA6-4CC6-497F-9BF3-3EFE8F50553B}
	EndGlobalSection
EndGlobal
