
Microsoft Visual Studio Solution File, Format Version 12.00
# Visual Studio Version 16
VisualStudioVersion = 16.0.31005.135
MinimumVisualStudioVersion = 10.0.40219.1
Project("{FAE04EC0-301F-11D3-BF4B-00C04F79EFBC}") = "MPGTracker2", "MPGTracker2.csproj", "{6BCC3C4F-8E37-4140-AF9C-4839721E0FFC}"
EndProject
Global
	GlobalSection(SolutionConfigurationPlatforms) = preSolution
		Debug|Any CPU = Debug|Any CPU
		Release|Any CPU = Release|Any CPU
	EndGlobalSection
	GlobalSection(ProjectConfigurationPlatforms) = postSolution
		{6BCC3C4F-8E37-4140-AF9C-4839721E0FFC}.Debug|Any CPU.ActiveCfg = Debug|Any CPU
		{6BCC3C4F-8E37-4140-AF9C-4839721E0FFC}.Debug|Any CPU.Build.0 = Debug|Any CPU
		{6BCC3C4F-8E37-4140-AF9C-4839721E0FFC}.Release|Any CPU.ActiveCfg = Release|Any CPU
		{6BCC3C4F-8E37-4140-AF9C-4839721E0FFC}.Release|Any CPU.Build.0 = Release|Any CPU
	EndGlobalSection
	GlobalSection(SolutionProperties) = preSolution
		HideSolutionNode = FALSE
	EndGlobalSection
	GlobalSection(ExtensibilityGlobals) = postSolution
		SolutionGuid = {B844BA89-A821-4CB8-9885-17F08CE6B4D7}
	EndGlobalSection
EndGlobal
