
Microsoft Visual Studio Solution File, Format Version 12.00
# Visual Studio Version 16
VisualStudioVersion = 16.0.30907.101
MinimumVisualStudioVersion = 10.0.40219.1
Project("{FAE04EC0-301F-11D3-BF4B-00C04F79EFBC}") = "LAB 3E - C- Task Tracking Application Team Project Part 1 of 2", "LAB 3E - C- Task Tracking Application Team Project Part 1 of 2.csproj", "{481FBD5A-5290-4DC5-9854-70C01241B5FA}"
EndProject
Global
	GlobalSection(SolutionConfigurationPlatforms) = preSolution
		Debug|Any CPU = Debug|Any CPU
		Release|Any CPU = Release|Any CPU
	EndGlobalSection
	GlobalSection(ProjectConfigurationPlatforms) = postSolution
		{481FBD5A-5290-4DC5-9854-70C01241B5FA}.Debug|Any CPU.ActiveCfg = Debug|Any CPU
		{481FBD5A-5290-4DC5-9854-70C01241B5FA}.Debug|Any CPU.Build.0 = Debug|Any CPU
		{481FBD5A-5290-4DC5-9854-70C01241B5FA}.Release|Any CPU.ActiveCfg = Release|Any CPU
		{481FBD5A-5290-4DC5-9854-70C01241B5FA}.Release|Any CPU.Build.0 = Release|Any CPU
	EndGlobalSection
	GlobalSection(SolutionProperties) = preSolution
		HideSolutionNode = FALSE
	EndGlobalSection
	GlobalSection(ExtensibilityGlobals) = postSolution
		SolutionGuid = {8EF77C9F-1108-4678-B66C-429D77405D3F}
	EndGlobalSection
EndGlobal
