
Microsoft Visual Studio Solution File, Format Version 12.00
# Visual Studio Version 16
VisualStudioVersion = 16.0.30804.86
MinimumVisualStudioVersion = 10.0.40219.1
Project("{FAE04EC0-301F-11D3-BF4B-00C04F79EFBC}") = "Lab3D", "Lab3D.csproj", "{80990668-4D8D-4A03-B671-B9A8F1DF0B91}"
	ProjectSection(ProjectDependencies) = postProject
		{24295BAA-B71E-4559-86A5-7C81E2DD2FEB} = {24295BAA-B71E-4559-86A5-7C81E2DD2FEB}
	EndProjectSection
EndProject
Project("{FAE04EC0-301F-11D3-BF4B-00C04F79EFBC}") = "MathT", "..\MathT\MathT.csproj", "{24295BAA-B71E-4559-86A5-7C81E2DD2FEB}"
EndProject
Project("{FAE04EC0-301F-11D3-BF4B-00C04F79EFBC}") = "MathProgram", "..\MathProgram\MathProgram.csproj", "{CEB90DD6-F15A-45C7-86B2-023506F612E7}"
EndProject
Global
	GlobalSection(SolutionConfigurationPlatforms) = preSolution
		Debug|Any CPU = Debug|Any CPU
		Release|Any CPU = Release|Any CPU
	EndGlobalSection
	GlobalSection(ProjectConfigurationPlatforms) = postSolution
		{80990668-4D8D-4A03-B671-B9A8F1DF0B91}.Debug|Any CPU.ActiveCfg = Debug|Any CPU
		{80990668-4D8D-4A03-B671-B9A8F1DF0B91}.Debug|Any CPU.Build.0 = Debug|Any CPU
		{80990668-4D8D-4A03-B671-B9A8F1DF0B91}.Release|Any CPU.ActiveCfg = Release|Any CPU
		{80990668-4D8D-4A03-B671-B9A8F1DF0B91}.Release|Any CPU.Build.0 = Release|Any CPU
		{24295BAA-B71E-4559-86A5-7C81E2DD2FEB}.Debug|Any CPU.ActiveCfg = Debug|Any CPU
		{24295BAA-B71E-4559-86A5-7C81E2DD2FEB}.Debug|Any CPU.Build.0 = Debug|Any CPU
		{24295BAA-B71E-4559-86A5-7C81E2DD2FEB}.Release|Any CPU.ActiveCfg = Release|Any CPU
		{24295BAA-B71E-4559-86A5-7C81E2DD2FEB}.Release|Any CPU.Build.0 = Release|Any CPU
		{CEB90DD6-F15A-45C7-86B2-023506F612E7}.Debug|Any CPU.ActiveCfg = Debug|Any CPU
		{CEB90DD6-F15A-45C7-86B2-023506F612E7}.Debug|Any CPU.Build.0 = Debug|Any CPU
		{CEB90DD6-F15A-45C7-86B2-023506F612E7}.Release|Any CPU.ActiveCfg = Release|Any CPU
		{CEB90DD6-F15A-45C7-86B2-023506F612E7}.Release|Any CPU.Build.0 = Release|Any CPU
	EndGlobalSection
	GlobalSection(SolutionProperties) = preSolution
		HideSolutionNode = FALSE
	EndGlobalSection
	GlobalSection(ExtensibilityGlobals) = postSolution
		SolutionGuid = {9CC6DFD7-9C81-4D50-AD05-9303FB7D9AEB}
	EndGlobalSection
EndGlobal
